
Microsoft Visual Studio Solution File, Format Version 12.00
# Visual Studio 14
VisualStudioVersion = 14.0.25123.0
MinimumVisualStudioVersion = 10.0.40219.1
Project("{2150E333-8FDC-42A3-9474-1A3956D46DE8}") = "src", "src", "{E4BB329C-AB6B-4281-90F4-F050F764CDE1}"
EndProject
Project("{2150E333-8FDC-42A3-9474-1A3956D46DE8}") = "Solution Items", "Solution Items", "{BB837B82-555C-492F-B143-C9511C5A3125}"
	ProjectSection(SolutionItems) = preProject
		global.json = global.json
	EndProjectSection
EndProject
Project("{8BB2217D-0F2D-49D1-97BC-3654ED321F3B}") = "Ng2BaseTemplate", "src\Ng2BaseTemplate\Ng2BaseTemplate.xproj", "{F39024F9-BE50-4E99-882E-A0EE6B721E33}"
EndProject
Global
	GlobalSection(SolutionConfigurationPlatforms) = preSolution
		Debug|Any CPU = Debug|Any CPU
		Release|Any CPU = Release|Any CPU
	EndGlobalSection
	GlobalSection(ProjectConfigurationPlatforms) = postSolution
		{F39024F9-BE50-4E99-882E-A0EE6B721E33}.Debug|Any CPU.ActiveCfg = Debug|Any CPU
		{F39024F9-BE50-4E99-882E-A0EE6B721E33}.Debug|Any CPU.Build.0 = Debug|Any CPU
		{F39024F9-BE50-4E99-882E-A0EE6B721E33}.Release|Any CPU.ActiveCfg = Release|Any CPU
		{F39024F9-BE50-4E99-882E-A0EE6B721E33}.Release|Any CPU.Build.0 = Release|Any CPU
	EndGlobalSection
	GlobalSection(SolutionProperties) = preSolution
		HideSolutionNode = FALSE
	EndGlobalSection
	GlobalSection(NestedProjects) = preSolution
		{F39024F9-BE50-4E99-882E-A0EE6B721E33} = {E4BB329C-AB6B-4281-90F4-F050F764CDE1}
	EndGlobalSection
EndGlobal
